
Microsoft Visual Studio Solution File, Format Version 12.00
# Visual Studio Version 17
VisualStudioVersion = 17.14.36603.0 d17.14
MinimumVisualStudioVersion = 10.0.40219.1
Project("{FAE04EC0-301F-11D3-BF4B-00C04F79EFBC}") = "HourlyDataWebApplication", "HourlyDataWebApplication\HourlyDataWebApplication.csproj", "{42375E2D-9256-4A14-8372-0A9F816C472A}"
EndProject
Global
	GlobalSection(SolutionConfigurationPlatforms) = preSolution
		Debug|Any CPU = Debug|Any CPU
		Release|Any CPU = Release|Any CPU
	EndGlobalSection
	GlobalSection(ProjectConfigurationPlatforms) = postSolution
		{42375E2D-9256-4A14-8372-0A9F816C472A}.Debug|Any CPU.ActiveCfg = Debug|Any CPU
		{42375E2D-9256-4A14-8372-0A9F816C472A}.Debug|Any CPU.Build.0 = Debug|Any CPU
		{42375E2D-9256-4A14-8372-0A9F816C472A}.Release|Any CPU.ActiveCfg = Release|Any CPU
		{42375E2D-9256-4A14-8372-0A9F816C472A}.Release|Any CPU.Build.0 = Release|Any CPU
	EndGlobalSection
	GlobalSection(SolutionProperties) = preSolution
		HideSolutionNode = FALSE
	EndGlobalSection
	GlobalSection(ExtensibilityGlobals) = postSolution
		SolutionGuid = {2F6D59F0-680D-4678-8433-CA3BBC904182}
	EndGlobalSection
EndGlobal
